
Microsoft Visual Studio Solution File, Format Version 12.00
# Visual Studio Version 17
VisualStudioVersion = 17.8.34316.72
MinimumVisualStudioVersion = 10.0.40219.1
Project("{2150E333-8FDC-42A3-9474-1A3956D46DE8}") = "src", "src", "{BF0FA650-06B4-4B8A-AC4D-738F106B622B}"
EndProject
Project("{2150E333-8FDC-42A3-9474-1A3956D46DE8}") = "tests", "tests", "{F3F6FE52-C42B-4461-9803-EFBEF6D645DF}"
EndProject
Project("{FAE04EC0-301F-11D3-BF4B-00C04F79EFBC}") = "Polar.DB.Tests", "tests\Polar.DB.Tests\Polar.DB.Tests.csproj", "{A5E282F5-BA91-40AB-9001-62BA60D97875}"
EndProject
Project("{FAE04EC0-301F-11D3-BF4B-00C04F79EFBC}") = "Polar.DB", "src\Polar.DB\Polar.DB.csproj", "{2F1DA542-2BCE-4AF3-9256-8BA824565916}"
EndProject
Project("{2150E333-8FDC-42A3-9474-1A3956D46DE8}") = "samples", "samples", "{36AD9BFD-026E-4817-8B73-817D8865E96E}"
EndProject
Project("{2150E333-8FDC-42A3-9474-1A3956D46DE8}") = "docs", "docs", "{CB794695-BDDE-450A-A3F5-707171CB65FC}"
	ProjectSection(SolutionItems) = preProject
		docs\About.md = docs/About.md
		docs\BDLearningCourse.md = docs/BDLearningCourse.md
		docs\Concept.md = docs/Concept.md
		docs\Description.md = docs/Description.md
		docs\LibsDescriptions.md = docs/LibsDescriptions.md
		docs\Mixture.md = docs/Mixture.md
		docs\Specifications.md = docs/Specifications.md
		docs\Starting.md = docs/Starting.md
		docs\REPOSITORY_STATE.md = docs/REPOSITORY_STATE.md
		docs\README.md = README.md
	EndProjectSection
EndProject
Project("{FAE04EC0-301F-11D3-BF4B-00C04F79EFBC}") = "GetStarted.SequencesAndStorage", "samples\GetStarted.SequencesAndStorage\GetStarted.SequencesAndStorage.csproj", "{DAA0D7C7-0E96-4F24-94D4-032C90D20058}"
EndProject
Project("{FAE04EC0-301F-11D3-BF4B-00C04F79EFBC}") = "GetStarted.StructuresAndSerialization", "samples\GetStarted.StructuresAndSerialization\GetStarted.StructuresAndSerialization.csproj", "{3CCFEB6F-F8D3-48BC-A9E9-070321DFECDD}"
EndProject
Project("{FAE04EC0-301F-11D3-BF4B-00C04F79EFBC}") = "GetStarted.IndexesAndSearch", "samples\GetStarted.IndexesAndSearch\GetStarted.IndexesAndSearch.csproj", "{73A7226C-4726-4B2D-B7A6-936D0728A15E}"
EndProject
Project("{2150E333-8FDC-42A3-9474-1A3956D46DE8}") = "benchmarks", "benchmarks", "{018206B5-A401-4F02-8782-F88082A9E14A}"
EndProject
Project("{FAE04EC0-301F-11D3-BF4B-00C04F79EFBC}") = "Polar.DB.Bench.Analysis", "benchmarks\src\Polar.DB.Bench.Analysis\Polar.DB.Bench.Analysis.csproj", "{8BC2A4D6-DADE-41E6-8FB9-2A370B03E377}"
EndProject
Project("{FAE04EC0-301F-11D3-BF4B-00C04F79EFBC}") = "Polar.DB.Bench.Charts", "benchmarks\src\Polar.DB.Bench.Charts\Polar.DB.Bench.Charts.csproj", "{348FC7C5-C523-4F92-B6C7-05B18955EEDD}"
EndProject
Project("{FAE04EC0-301F-11D3-BF4B-00C04F79EFBC}") = "Polar.DB.Bench.Core", "benchmarks\src\Polar.DB.Bench.Core\Polar.DB.Bench.Core.csproj", "{12A88C62-479D-4910-A051-FABBAE17FCF0}"
EndProject
Project("{FAE04EC0-301F-11D3-BF4B-00C04F79EFBC}") = "Polar.DB.Bench.Engine.PolarDb", "benchmarks\src\Polar.DB.Bench.Engine.PolarDb\Polar.DB.Bench.Engine.PolarDb.csproj", "{F971141C-4390-4F81-ADD1-7E659240A6FB}"
EndProject
Project("{FAE04EC0-301F-11D3-BF4B-00C04F79EFBC}") = "Polar.DB.Bench.Engine.Sqlite", "benchmarks\src\Polar.DB.Bench.Engine.Sqlite\Polar.DB.Bench.Engine.Sqlite.csproj", "{4186ACC1-91E6-44A2-B347-515AA440D122}"
EndProject
Project("{FAE04EC0-301F-11D3-BF4B-00C04F79EFBC}") = "Polar.DB.Bench.Exec", "benchmarks\src\Polar.DB.Bench.Exec\Polar.DB.Bench.Exec.csproj", "{5472A235-3DFE-471F-83A4-9CC013931140}"
EndProject
Project("{2150E333-8FDC-42A3-9474-1A3956D46DE8}") = "src", "src", "{7406FEE2-CAC6-4561-B00D-A0701EC53696}"
	ProjectSection(SolutionItems) = preProject
		benchmarks\src\Polar.DB.Bench.Exec.PolarDbNuget\USequenceNugetCompatExtensions.cs = benchmarks\src\Polar.DB.Bench.Exec.PolarDbNuget\USequenceNugetCompatExtensions.cs
	EndProjectSection
EndProject
Project("{2150E333-8FDC-42A3-9474-1A3956D46DE8}") = "docs", "docs", "{74248134-5223-402A-B48D-96F9435DE59E}"
	ProjectSection(SolutionItems) = preProject
		benchmarks\docs\BENCHMARK_WORKFLOW_GUIDE.md = benchmarks\docs\BENCHMARK_WORKFLOW_GUIDE.md
		benchmarks\docs\BENCHMARK_WORKFLOW_GUIDE.ru.md = benchmarks\docs\BENCHMARK_WORKFLOW_GUIDE.ru.md
	EndProjectSection
EndProject
Project("{2150E333-8FDC-42A3-9474-1A3956D46DE8}") = "experiments", "experiments", "{9008BEF7-0D6F-4568-BA8D-90FA2C914F08}"
EndProject
Project("{2150E333-8FDC-42A3-9474-1A3956D46DE8}") = "examples", "examples", "{CA1F5AA8-B4A7-44F9-A038-DEEB2019CD23}"
	ProjectSection(SolutionItems) = preProject
		benchmarks\docs\examples\sample-baseline.v1.json = benchmarks\docs\examples\sample-baseline.v1.json
		benchmarks\docs\examples\sample-policy.v1.json = benchmarks\docs\examples\sample-policy.v1.json
	EndProjectSection
EndProject
Project("{FAE04EC0-301F-11D3-BF4B-00C04F79EFBC}") = "Polar.DB.Bench.Exec.PolarDbNuget", "benchmarks\src\Polar.DB.Bench.Exec.PolarDbNuget\Polar.DB.Bench.Exec.PolarDbNuget.csproj", "{B999ECAB-30B7-4FA6-AE3E-9F22414D6F32}"
EndProject
Global
	GlobalSection(SolutionConfigurationPlatforms) = preSolution
		Debug|Any CPU = Debug|Any CPU
		Release|Any CPU = Release|Any CPU
	EndGlobalSection
	GlobalSection(ProjectConfigurationPlatforms) = postSolution
		{A5E282F5-BA91-40AB-9001-62BA60D97875}.Debug|Any CPU.ActiveCfg = Debug|Any CPU
		{A5E282F5-BA91-40AB-9001-62BA60D97875}.Debug|Any CPU.Build.0 = Debug|Any CPU
		{A5E282F5-BA91-40AB-9001-62BA60D97875}.Release|Any CPU.ActiveCfg = Release|Any CPU
		{A5E282F5-BA91-40AB-9001-62BA60D97875}.Release|Any CPU.Build.0 = Release|Any CPU
		{2F1DA542-2BCE-4AF3-9256-8BA824565916}.Debug|Any CPU.ActiveCfg = Debug|Any CPU
		{2F1DA542-2BCE-4AF3-9256-8BA824565916}.Debug|Any CPU.Build.0 = Debug|Any CPU
		{2F1DA542-2BCE-4AF3-9256-8BA824565916}.Release|Any CPU.ActiveCfg = Release|Any CPU
		{2F1DA542-2BCE-4AF3-9256-8BA824565916}.Release|Any CPU.Build.0 = Release|Any CPU
		{DAA0D7C7-0E96-4F24-94D4-032C90D20058}.Debug|Any CPU.ActiveCfg = Debug|Any CPU
		{DAA0D7C7-0E96-4F24-94D4-032C90D20058}.Debug|Any CPU.Build.0 = Debug|Any CPU
		{DAA0D7C7-0E96-4F24-94D4-032C90D20058}.Release|Any CPU.ActiveCfg = Release|Any CPU
		{DAA0D7C7-0E96-4F24-94D4-032C90D20058}.Release|Any CPU.Build.0 = Release|Any CPU
		{3CCFEB6F-F8D3-48BC-A9E9-070321DFECDD}.Debug|Any CPU.ActiveCfg = Debug|Any CPU
		{3CCFEB6F-F8D3-48BC-A9E9-070321DFECDD}.Debug|Any CPU.Build.0 = Debug|Any CPU
		{3CCFEB6F-F8D3-48BC-A9E9-070321DFECDD}.Release|Any CPU.ActiveCfg = Release|Any CPU
		{3CCFEB6F-F8D3-48BC-A9E9-070321DFECDD}.Release|Any CPU.Build.0 = Release|Any CPU
		{73A7226C-4726-4B2D-B7A6-936D0728A15E}.Debug|Any CPU.ActiveCfg = Debug|Any CPU
		{73A7226C-4726-4B2D-B7A6-936D0728A15E}.Debug|Any CPU.Build.0 = Debug|Any CPU
		{73A7226C-4726-4B2D-B7A6-936D0728A15E}.Release|Any CPU.ActiveCfg = Release|Any CPU
		{73A7226C-4726-4B2D-B7A6-936D0728A15E}.Release|Any CPU.Build.0 = Release|Any CPU
		{8BC2A4D6-DADE-41E6-8FB9-2A370B03E377}.Debug|Any CPU.ActiveCfg = Debug|Any CPU
		{8BC2A4D6-DADE-41E6-8FB9-2A370B03E377}.Debug|Any CPU.Build.0 = Debug|Any CPU
		{8BC2A4D6-DADE-41E6-8FB9-2A370B03E377}.Release|Any CPU.ActiveCfg = Release|Any CPU
		{8BC2A4D6-DADE-41E6-8FB9-2A370B03E377}.Release|Any CPU.Build.0 = Release|Any CPU
		{348FC7C5-C523-4F92-B6C7-05B18955EEDD}.Debug|Any CPU.ActiveCfg = Debug|Any CPU
		{348FC7C5-C523-4F92-B6C7-05B18955EEDD}.Debug|Any CPU.Build.0 = Debug|Any CPU
		{348FC7C5-C523-4F92-B6C7-05B18955EEDD}.Release|Any CPU.ActiveCfg = Release|Any CPU
		{348FC7C5-C523-4F92-B6C7-05B18955EEDD}.Release|Any CPU.Build.0 = Release|Any CPU
		{12A88C62-479D-4910-A051-FABBAE17FCF0}.Debug|Any CPU.ActiveCfg = Debug|Any CPU
		{12A88C62-479D-4910-A051-FABBAE17FCF0}.Debug|Any CPU.Build.0 = Debug|Any CPU
		{12A88C62-479D-4910-A051-FABBAE17FCF0}.Release|Any CPU.ActiveCfg = Release|Any CPU
		{12A88C62-479D-4910-A051-FABBAE17FCF0}.Release|Any CPU.Build.0 = Release|Any CPU
		{F971141C-4390-4F81-ADD1-7E659240A6FB}.Debug|Any CPU.ActiveCfg = Debug|Any CPU
		{F971141C-4390-4F81-ADD1-7E659240A6FB}.Debug|Any CPU.Build.0 = Debug|Any CPU
		{F971141C-4390-4F81-ADD1-7E659240A6FB}.Release|Any CPU.ActiveCfg = Release|Any CPU
		{F971141C-4390-4F81-ADD1-7E659240A6FB}.Release|Any CPU.Build.0 = Release|Any CPU
		{4186ACC1-91E6-44A2-B347-515AA440D122}.Debug|Any CPU.ActiveCfg = Debug|Any CPU
		{4186ACC1-91E6-44A2-B347-515AA440D122}.Debug|Any CPU.Build.0 = Debug|Any CPU
		{4186ACC1-91E6-44A2-B347-515AA440D122}.Release|Any CPU.ActiveCfg = Release|Any CPU
		{4186ACC1-91E6-44A2-B347-515AA440D122}.Release|Any CPU.Build.0 = Release|Any CPU
		{5472A235-3DFE-471F-83A4-9CC013931140}.Debug|Any CPU.ActiveCfg = Debug|Any CPU
		{5472A235-3DFE-471F-83A4-9CC013931140}.Debug|Any CPU.Build.0 = Debug|Any CPU
		{5472A235-3DFE-471F-83A4-9CC013931140}.Release|Any CPU.ActiveCfg = Release|Any CPU
		{5472A235-3DFE-471F-83A4-9CC013931140}.Release|Any CPU.Build.0 = Release|Any CPU
		{B999ECAB-30B7-4FA6-AE3E-9F22414D6F32}.Debug|Any CPU.ActiveCfg = Debug|Any CPU
		{B999ECAB-30B7-4FA6-AE3E-9F22414D6F32}.Debug|Any CPU.Build.0 = Debug|Any CPU
		{B999ECAB-30B7-4FA6-AE3E-9F22414D6F32}.Release|Any CPU.ActiveCfg = Release|Any CPU
		{B999ECAB-30B7-4FA6-AE3E-9F22414D6F32}.Release|Any CPU.Build.0 = Release|Any CPU
	EndGlobalSection
	GlobalSection(NestedProjects) = preSolution
		{A5E282F5-BA91-40AB-9001-62BA60D97875} = {F3F6FE52-C42B-4461-9803-EFBEF6D645DF}
		{2F1DA542-2BCE-4AF3-9256-8BA824565916} = {BF0FA650-06B4-4B8A-AC4D-738F106B622B}
		{DAA0D7C7-0E96-4F24-94D4-032C90D20058} = {36AD9BFD-026E-4817-8B73-817D8865E96E}
		{3CCFEB6F-F8D3-48BC-A9E9-070321DFECDD} = {36AD9BFD-026E-4817-8B73-817D8865E96E}
		{73A7226C-4726-4B2D-B7A6-936D0728A15E} = {36AD9BFD-026E-4817-8B73-817D8865E96E}
		{7406FEE2-CAC6-4561-B00D-A0701EC53696} = {018206B5-A401-4F02-8782-F88082A9E14A}
		{8BC2A4D6-DADE-41E6-8FB9-2A370B03E377} = {7406FEE2-CAC6-4561-B00D-A0701EC53696}
		{348FC7C5-C523-4F92-B6C7-05B18955EEDD} = {7406FEE2-CAC6-4561-B00D-A0701EC53696}
		{12A88C62-479D-4910-A051-FABBAE17FCF0} = {7406FEE2-CAC6-4561-B00D-A0701EC53696}
		{F971141C-4390-4F81-ADD1-7E659240A6FB} = {7406FEE2-CAC6-4561-B00D-A0701EC53696}
		{4186ACC1-91E6-44A2-B347-515AA440D122} = {7406FEE2-CAC6-4561-B00D-A0701EC53696}
		{5472A235-3DFE-471F-83A4-9CC013931140} = {7406FEE2-CAC6-4561-B00D-A0701EC53696}
		{74248134-5223-402A-B48D-96F9435DE59E} = {018206B5-A401-4F02-8782-F88082A9E14A}
		{9008BEF7-0D6F-4568-BA8D-90FA2C914F08} = {018206B5-A401-4F02-8782-F88082A9E14A}
		{CA1F5AA8-B4A7-44F9-A038-DEEB2019CD23} = {74248134-5223-402A-B48D-96F9435DE59E}
		{B999ECAB-30B7-4FA6-AE3E-9F22414D6F32} = {7406FEE2-CAC6-4561-B00D-A0701EC53696}
	EndGlobalSection
EndGlobal
